
Microsoft Visual Studio Solution File, Format Version 12.00
Project("{FAE04EC0-301F-11D3-BF4B-00C04F79EFBC}") = "ReGuilded", "ReGuilded\ReGuilded.csproj", "{850FACB7-F12E-458C-A40D-E308E9C46AC1}"
EndProject
Global
	GlobalSection(SolutionConfigurationPlatforms) = preSolution
		Debug|Any CPU = Debug|Any CPU
		Release|Any CPU = Release|Any CPU
	EndGlobalSection
	GlobalSection(ProjectConfigurationPlatforms) = postSolution
		{850FACB7-F12E-458C-A40D-E308E9C46AC1}.Debug|Any CPU.ActiveCfg = Debug|Any CPU
		{850FACB7-F12E-458C-A40D-E308E9C46AC1}.Debug|Any CPU.Build.0 = Debug|Any CPU
		{850FACB7-F12E-458C-A40D-E308E9C46AC1}.Release|Any CPU.ActiveCfg = Release|Any CPU
		{850FACB7-F12E-458C-A40D-E308E9C46AC1}.Release|Any CPU.Build.0 = Release|Any CPU
	EndGlobalSection
EndGlobal
